PODS:
  - camera_avfoundation (0.0.1):
    - Flutter
  - connectivity_plus (0.0.1):
    - Flutter
    - ReachabilitySwift
  - DKImagePickerController/Core (4.3.4):
    - DKImagePickerController/ImageDataManager
    - DKImagePickerController/Resource
  - DKImagePickerController/ImageDataManager (4.3.4)
  - DKImagePickerController/PhotoGallery (4.3.4):
    - DKImagePickerController/Core
    - DKPhotoGallery
  - DKImagePickerController/Resource (4.3.4)
  - DKPhotoGallery (0.0.17):
    - DKPhotoGallery/Core (= 0.0.17)
    - DKPhotoGallery/Model (= 0.0.17)
    - DKPhotoGallery/Preview (= 0.0.17)
    - DKPhotoGallery/Resource (= 0.0.17)
    - SDWebImage
    - SwiftyGif
  - DKPhotoGallery/Core (0.0.17):
    - DKPhotoGallery/Model
    - DKPhotoGallery/Preview
    - SDWebImage
    - SwiftyGif
  - DKPhotoGallery/Model (0.0.17):
    - SDWebImage
    - SwiftyGif
  - DKPhotoGallery/Preview (0.0.17):
    - DKPhotoGallery/Model
    - DKPhotoGallery/Resource
    - SDWebImage
    - SwiftyGif
  - DKPhotoGallery/Resource (0.0.17):
    - SDWebImage
    - SwiftyGif
  - FacebookCore (0.9.0):
    - FBSDKCoreKit (~> 5.0)
  - FacebookShare (0.9.0):
    - FacebookCore (~> 0.9.0)
    - FBSDKCoreKit (~> 5.0)
    - FBSDKShareKit (~> 5.0)
  - FBSDKCoreKit (5.15.1):
    - FBSDKCoreKit/Basics (= 5.15.1)
    - FBSDKCoreKit/Core (= 5.15.1)
  - FBSDKCoreKit/Basics (5.15.1)
  - FBSDKCoreKit/Core (5.15.1):
    - FBSDKCoreKit/Basics
  - FBSDKShareKit (5.15.1):
    - FBSDKShareKit/Share (= 5.15.1)
  - FBSDKShareKit/Share (5.15.1):
    - FBSDKCoreKit (~> 5.0)
  - file_picker (0.0.1):
    - DKImagePickerController/PhotoGallery
    - Flutter
  - Firebase/Auth (9.5.0):
    - Firebase/CoreOnly
    - FirebaseAuth (~> 9.5.0)
  - Firebase/CoreOnly (9.5.0):
    - FirebaseCore (= 9.5.0)
  - Firebase/Crashlytics (9.5.0):
    - Firebase/CoreOnly
    - FirebaseCrashlytics (~> 9.5.0)
  - Firebase/DynamicLinks (9.5.0):
    - Firebase/CoreOnly
    - FirebaseDynamicLinks (~> 9.5.0)
  - Firebase/Messaging (9.5.0):
    - Firebase/CoreOnly
    - FirebaseMessaging (~> 9.5.0)
  - Firebase/Performance (9.5.0):
    - Firebase/CoreOnly
    - FirebasePerformance (~> 9.5.0)
  - Firebase/RemoteConfig (9.5.0):
    - Firebase/CoreOnly
    - FirebaseRemoteConfig (~> 9.5.0)
  - firebase_auth (3.10.0):
    - Firebase/Auth (= 9.5.0)
    - firebase_core
    - Flutter
  - firebase_core (1.23.0):
    - Firebase/CoreOnly (= 9.5.0)
    - Flutter
  - firebase_crashlytics (2.8.11):
    - Firebase/Crashlytics (= 9.5.0)
    - firebase_core
    - Flutter
  - firebase_dynamic_links (4.3.8):
    - Firebase/DynamicLinks
    - firebase_core
    - Flutter
  - firebase_messaging (11.4.4):
    - Firebase/Messaging
    - firebase_core
    - Flutter
  - firebase_performance (0.8.3-1):
    - Firebase/Performance (= 9.5.0)
    - firebase_core
    - Flutter
  - firebase_remote_config (2.0.18):
    - Firebase/RemoteConfig (= 9.5.0)
    - firebase_core
    - Flutter
  - FirebaseABTesting (9.6.0):
    - FirebaseCore (~> 9.0)
  - FirebaseAuth (9.5.0):
    - FirebaseCore (~> 9.0)
    - GoogleUtilities/AppDelegateSwizzler (~> 7.7)
    - GoogleUtilities/Environment (~> 7.7)
    - GTMSessionFetcher/Core (< 3.0, >= 1.7)
  - FirebaseCore (9.5.0):
    - FirebaseCoreDiagnostics (~> 9.0)
    - FirebaseCoreInternal (~> 9.0)
    - GoogleUtilities/Environment (~> 7.7)
    - GoogleUtilities/Logger (~> 7.7)
  - FirebaseCoreDiagnostics (9.6.0):
    - GoogleDataTransport (< 10.0.0, >= 9.1.4)
    - GoogleUtilities/Environment (~> 7.7)
    - GoogleUtilities/Logger (~> 7.7)
    - nanopb (< 2.30910.0, >= 2.30908.0)
  - FirebaseCoreInternal (9.6.0):
    - "GoogleUtilities/NSData+zlib (~> 7.7)"
  - FirebaseCrashlytics (9.5.0):
    - FirebaseCore (~> 9.0)
    - FirebaseInstallations (~> 9.0)
    - GoogleDataTransport (< 10.0.0, >= 9.1.4)
    - GoogleUtilities/Environment (~> 7.7)
    - nanopb (< 2.30910.0, >= 2.30908.0)
    - PromisesObjC (~> 2.1)
  - FirebaseDynamicLinks (9.5.0):
    - FirebaseCore (~> 9.0)
  - FirebaseInstallations (9.6.0):
    - FirebaseCore (~> 9.0)
    - GoogleUtilities/Environment (~> 7.7)
    - GoogleUtilities/UserDefaults (~> 7.7)
    - PromisesObjC (~> 2.1)
  - FirebaseMessaging (9.5.0):
    - FirebaseCore (~> 9.0)
    - FirebaseInstallations (~> 9.0)
    - GoogleDataTransport (< 10.0.0, >= 9.1.4)
    - GoogleUtilities/AppDelegateSwizzler (~> 7.7)
    - GoogleUtilities/Environment (~> 7.7)
    - GoogleUtilities/Reachability (~> 7.7)
    - GoogleUtilities/UserDefaults (~> 7.7)
    - nanopb (< 2.30910.0, >= 2.30908.0)
  - FirebasePerformance (9.5.0):
    - FirebaseCore (~> 9.0)
    - FirebaseInstallations (~> 9.0)
    - FirebaseRemoteConfig (~> 9.0)
    - GoogleDataTransport (< 10.0.0, >= 9.1.4)
    - GoogleUtilities/Environment (~> 7.7)
    - GoogleUtilities/ISASwizzler (~> 7.7)
    - GoogleUtilities/MethodSwizzler (~> 7.7)
    - nanopb (< 2.30910.0, >= 2.30908.0)
  - FirebaseRemoteConfig (9.5.0):
    - FirebaseABTesting (~> 9.0)
    - FirebaseCore (~> 9.0)
    - FirebaseInstallations (~> 9.0)
    - GoogleUtilities/Environment (~> 7.7)
    - "GoogleUtilities/NSData+zlib (~> 7.7)"
  - Flutter (1.0.0)
  - flutter_local_notifications (0.0.1):
    - Flutter
  - flutter_share_me (0.0.1):
    - FacebookShare
    - Flutter
  - flutter_statusbarcolor_ns (0.0.1):
    - Flutter
  - fluttertoast (0.0.2):
    - Flutter
    - Toast
  - FMDB (2.7.5):
    - FMDB/standard (= 2.7.5)
  - FMDB/standard (2.7.5)
  - freshchat_sdk (0.0.1):
    - Flutter
    - FreshchatSDK (= 5.2.3)
  - FreshchatSDK (5.2.3)
  - geocoding (1.0.5):
    - Flutter
  - geolocator_apple (1.2.0):
    - Flutter
  - google_maps_flutter_ios (0.0.1):
    - Flutter
    - GoogleMaps
  - GoogleDataTransport (9.2.0):
    - GoogleUtilities/Environment (~> 7.7)
    - nanopb (< 2.30910.0, >= 2.30908.0)
    - PromisesObjC (< 3.0, >= 1.2)
  - GoogleMaps (5.2.0):
    - GoogleMaps/Maps (= 5.2.0)
  - GoogleMaps/Base (5.2.0)
  - GoogleMaps/Maps (5.2.0):
    - GoogleMaps/Base
  - GoogleUtilities/AppDelegateSwizzler (7.8.0):
    - GoogleUtilities/Environment
    - GoogleUtilities/Logger
    - GoogleUtilities/Network
  - GoogleUtilities/Environment (7.8.0):
    - PromisesObjC (< 3.0, >= 1.2)
  - GoogleUtilities/ISASwizzler (7.8.0)
  - GoogleUtilities/Logger (7.8.0):
    - GoogleUtilities/Environment
  - GoogleUtilities/MethodSwizzler (7.8.0):
    - GoogleUtilities/Logger
  - GoogleUtilities/Network (7.8.0):
    - GoogleUtilities/Logger
    - "GoogleUtilities/NSData+zlib"
    - GoogleUtilities/Reachability
  - "GoogleUtilities/NSData+zlib (7.8.0)"
  - GoogleUtilities/Reachability (7.8.0):
    - GoogleUtilities/Logger
  - GoogleUtilities/UserDefaults (7.8.0):
    - GoogleUtilities/Logger
  - GTMSessionFetcher/Core (2.1.0)
  - image_gallery_saver (1.5.0):
    - Flutter
  - image_picker_ios (0.0.1):
    - Flutter
  - libwebp (1.2.3):
    - libwebp/demux (= 1.2.3)
    - libwebp/mux (= 1.2.3)
    - libwebp/webp (= 1.2.3)
  - libwebp/demux (1.2.3):
    - libwebp/webp
  - libwebp/mux (1.2.3):
    - libwebp/demux
  - libwebp/webp (1.2.3)
  - nanopb (2.30909.0):
    - nanopb/decode (= 2.30909.0)
    - nanopb/encode (= 2.30909.0)
  - nanopb/decode (2.30909.0)
  - nanopb/encode (2.30909.0)
  - path_provider_ios (0.0.1):
    - Flutter
  - "permission_handler (5.1.0+2)":
    - Flutter
  - photo_manager (2.0.0):
    - Flutter
    - FlutterMacOS
  - PromisesObjC (2.1.1)
  - razorpay-pod (1.2.8)
  - razorpay_flutter (1.1.10):
    - Flutter
    - razorpay-pod
  - ReachabilitySwift (5.0.0)
  - SDWebImage (5.13.4):
    - SDWebImage/Core (= 5.13.4)
  - SDWebImage/Core (5.13.4)
  - share_plus (0.0.1):
    - Flutter
  - sqflite (0.0.2):
    - Flutter
    - FMDB (>= 2.7.5)
  - SwiftyGif (5.4.3)
  - Toast (4.0.0)
  - uni_links (0.0.1):
    - Flutter
  - url_launcher_ios (0.0.1):
    - Flutter
  - video_compress (0.3.0):
    - Flutter
  - video_player_avfoundation (0.0.1):
    - Flutter
  - video_thumbnail (0.0.1):
    - Flutter
    - libwebp
  - wakelock (0.0.1):
    - Flutter

DEPENDENCIES:
  - camera_avfoundation (from `.symlinks/plugins/camera_avfoundation/ios`)
  - connectivity_plus (from `.symlinks/plugins/connectivity_plus/ios`)
  - file_picker (from `.symlinks/plugins/file_picker/ios`)
  - firebase_auth (from `.symlinks/plugins/firebase_auth/ios`)
  - firebase_core (from `.symlinks/plugins/firebase_core/ios`)
  - firebase_crashlytics (from `.symlinks/plugins/firebase_crashlytics/ios`)
  - firebase_dynamic_links (from `.symlinks/plugins/firebase_dynamic_links/ios`)
  - firebase_messaging (from `.symlinks/plugins/firebase_messaging/ios`)
  - firebase_performance (from `.symlinks/plugins/firebase_performance/ios`)
  - firebase_remote_config (from `.symlinks/plugins/firebase_remote_config/ios`)
  - Flutter (from `Flutter`)
  - flutter_local_notifications (from `.symlinks/plugins/flutter_local_notifications/ios`)
  - flutter_share_me (from `.symlinks/plugins/flutter_share_me/ios`)
  - flutter_statusbarcolor_ns (from `.symlinks/plugins/flutter_statusbarcolor_ns/ios`)
  - fluttertoast (from `.symlinks/plugins/fluttertoast/ios`)
  - freshchat_sdk (from `.symlinks/plugins/freshchat_sdk/ios`)
  - geocoding (from `.symlinks/plugins/geocoding/ios`)
  - geolocator_apple (from `.symlinks/plugins/geolocator_apple/ios`)
  - google_maps_flutter_ios (from `.symlinks/plugins/google_maps_flutter_ios/ios`)
  - image_gallery_saver (from `.symlinks/plugins/image_gallery_saver/ios`)
  - image_picker_ios (from `.symlinks/plugins/image_picker_ios/ios`)
  - path_provider_ios (from `.symlinks/plugins/path_provider_ios/ios`)
  - permission_handler (from `.symlinks/plugins/permission_handler/ios`)
  - photo_manager (from `.symlinks/plugins/photo_manager/ios`)
  - razorpay_flutter (from `.symlinks/plugins/razorpay_flutter/ios`)
  - share_plus (from `.symlinks/plugins/share_plus/ios`)
  - sqflite (from `.symlinks/plugins/sqflite/ios`)
  - uni_links (from `.symlinks/plugins/uni_links/ios`)
  - url_launcher_ios (from `.symlinks/plugins/url_launcher_ios/ios`)
  - video_compress (from `.symlinks/plugins/video_compress/ios`)
  - video_player_avfoundation (from `.symlinks/plugins/video_player_avfoundation/ios`)
  - video_thumbnail (from `.symlinks/plugins/video_thumbnail/ios`)
  - wakelock (from `.symlinks/plugins/wakelock/ios`)

SPEC REPOS:
  trunk:
    - DKImagePickerController
    - DKPhotoGallery
    - FacebookCore
    - FacebookShare
    - FBSDKCoreKit
    - FBSDKShareKit
    - Firebase
    - FirebaseABTesting
    - FirebaseAuth
    - FirebaseCore
    - FirebaseCoreDiagnostics
    - FirebaseCoreInternal
    - FirebaseCrashlytics
    - FirebaseDynamicLinks
    - FirebaseInstallations
    - FirebaseMessaging
    - FirebasePerformance
    - FirebaseRemoteConfig
    - FMDB
    - FreshchatSDK
    - GoogleDataTransport
    - GoogleMaps
    - GoogleUtilities
    - GTMSessionFetcher
    - libwebp
    - nanopb
    - PromisesObjC
    - razorpay-pod
    - ReachabilitySwift
    - SDWebImage
    - SwiftyGif
    - Toast

EXTERNAL SOURCES:
  camera_avfoundation:
    :path: ".symlinks/plugins/camera_avfoundation/ios"
  connectivity_plus:
    :path: ".symlinks/plugins/connectivity_plus/ios"
  file_picker:
    :path: ".symlinks/plugins/file_picker/ios"
  firebase_auth:
    :path: ".symlinks/plugins/firebase_auth/ios"
  firebase_core:
    :path: ".symlinks/plugins/firebase_core/ios"
  firebase_crashlytics:
    :path: ".symlinks/plugins/firebase_crashlytics/ios"
  firebase_dynamic_links:
    :path: ".symlinks/plugins/firebase_dynamic_links/ios"
  firebase_messaging:
    :path: ".symlinks/plugins/firebase_messaging/ios"
  firebase_performance:
    :path: ".symlinks/plugins/firebase_performance/ios"
  firebase_remote_config:
    :path: ".symlinks/plugins/firebase_remote_config/ios"
  Flutter:
    :path: Flutter
  flutter_local_notifications:
    :path: ".symlinks/plugins/flutter_local_notifications/ios"
  flutter_share_me:
    :path: ".symlinks/plugins/flutter_share_me/ios"
  flutter_statusbarcolor_ns:
    :path: ".symlinks/plugins/flutter_statusbarcolor_ns/ios"
  fluttertoast:
    :path: ".symlinks/plugins/fluttertoast/ios"
  freshchat_sdk:
    :path: ".symlinks/plugins/freshchat_sdk/ios"
  geocoding:
    :path: ".symlinks/plugins/geocoding/ios"
  geolocator_apple:
    :path: ".symlinks/plugins/geolocator_apple/ios"
  google_maps_flutter_ios:
    :path: ".symlinks/plugins/google_maps_flutter_ios/ios"
  image_gallery_saver:
    :path: ".symlinks/plugins/image_gallery_saver/ios"
  image_picker_ios:
    :path: ".symlinks/plugins/image_picker_ios/ios"
  path_provider_ios:
    :path: ".symlinks/plugins/path_provider_ios/ios"
  permission_handler:
    :path: ".symlinks/plugins/permission_handler/ios"
  photo_manager:
    :path: ".symlinks/plugins/photo_manager/ios"
  razorpay_flutter:
    :path: ".symlinks/plugins/razorpay_flutter/ios"
  share_plus:
    :path: ".symlinks/plugins/share_plus/ios"
  sqflite:
    :path: ".symlinks/plugins/sqflite/ios"
  uni_links:
    :path: ".symlinks/plugins/uni_links/ios"
  url_launcher_ios:
    :path: ".symlinks/plugins/url_launcher_ios/ios"
  video_compress:
    :path: ".symlinks/plugins/video_compress/ios"
  video_player_avfoundation:
    :path: ".symlinks/plugins/video_player_avfoundation/ios"
  video_thumbnail:
    :path: ".symlinks/plugins/video_thumbnail/ios"
  wakelock:
    :path: ".symlinks/plugins/wakelock/ios"

SPEC CHECKSUMS:
  camera_avfoundation: 07c77549ea54ad95d8581be86617c094a46280d9
  connectivity_plus: 413a8857dd5d9f1c399a39130850d02fe0feaf7e
  DKImagePickerController: b512c28220a2b8ac7419f21c491fc8534b7601ac
  DKPhotoGallery: fdfad5125a9fdda9cc57df834d49df790dbb4179
  FacebookCore: ba86524b66cfa86d0f8e65d08faa8504a9f732dd
  FacebookShare: 85968ad1b1606c4944fb154924e425fd29184ea5
  FBSDKCoreKit: 1d5acf7c9d7a2f92bb1a242dc60cae5b7adb91df
  FBSDKShareKit: 259737eab3cc807087374553abdf588b3096ba55
  file_picker: 817ab1d8cd2da9d2da412a417162deee3500fc95
  Firebase: 800f16f07af493d98d017446a315c27af0552f41
  firebase_auth: 29485cbf2b2c5f0710f7c5dc3fa490736d70a675
  firebase_core: c266297725f66cacd7eac30745cd1a629d3b048b
  firebase_crashlytics: 3fb36e86a25c6615f00c8eb32837d973c17e8288
  firebase_dynamic_links: 9e45c8f17ab313ab66562c3d79865601246b16b6
  firebase_messaging: 66c601ff8db1f344f41eb89b86de626b83f5d4e1
  firebase_performance: 8ca9c0ef45415eb48cfefcb4b2e121f38dad649f
  firebase_remote_config: dad679f3e5662d2dddb5d87ace8d2da52849cab5
  FirebaseABTesting: 61826730ce9eee8781ba99a2b3420e9bce148dc9
  FirebaseAuth: 741918f1fa62ed23246a509279f91d42d79a713f
  FirebaseCore: 25c0400b670fd1e2f2104349cd3b5dcce8d9418f
  FirebaseCoreDiagnostics: 99a495094b10a57eeb3ae8efa1665700ad0bdaa6
  FirebaseCoreInternal: bca76517fe1ed381e989f5e7d8abb0da8d85bed3
  FirebaseCrashlytics: d20fa38bb8c88cb0f1c9211286bc23ab58c1b464
  FirebaseDynamicLinks: e2805928aefebd742288161f99469ab84d4aa8c8
  FirebaseInstallations: 0a115432c4e223c5ab20b0dbbe4cbefa793a0e8e
  FirebaseMessaging: 732623518591384f61c287e3d8f65294beb7ffb3
  FirebasePerformance: 5ec395fd74f35bfa68e969703922a46a8f143053
  FirebaseRemoteConfig: 97ccd1b58f26d756f86d071330f00856e51022a2
  Flutter: 50d75fe2f02b26cc09d224853bb45737f8b3214a
  flutter_local_notifications: 0c0b1ae97e741e1521e4c1629a459d04b9aec743
  flutter_share_me: 908cbbb695723a87657fabb166d5ec28737d3ba8
  flutter_statusbarcolor_ns: 68a360889d88d7915ae524e422aeab62e4063804
  fluttertoast: 16fbe6039d06a763f3533670197d01fc73459037
  FMDB: 2ce00b547f966261cd18927a3ddb07cb6f3db82a
  freshchat_sdk: 8b30b367775a50e3d10375f69e91bb96546a1fa0
  FreshchatSDK: a86a73e07268a66d50eddba3b81e8cbb6bc44e3b
  geocoding: 32cfcdb16d38d907caaba65e2e42ad10d38bee58
  geolocator_apple: cc556e6844d508c95df1e87e3ea6fa4e58c50401
  google_maps_flutter_ios: 66201f392bf62d500f07670a30488a247b9bb5b9
  GoogleDataTransport: 1c8145da7117bd68bbbed00cf304edb6a24de00f
  GoogleMaps: 025272d5876d3b32604e5c080dc25eaf68764693
  GoogleUtilities: 1d20a6ad97ef46f67bbdec158ce00563a671ebb7
  GTMSessionFetcher: ffbb25ec00ebcb5201adab0a56d808f6f1902d9f
  image_gallery_saver: 259eab68fb271cfd57d599904f7acdc7832e7ef2
  image_picker_ios: b786a5dcf033a8336a657191401bfdf12017dabb
  libwebp: 60305b2e989864154bd9be3d772730f08fc6a59c
  nanopb: b552cce312b6c8484180ef47159bc0f65a1f0431
  path_provider_ios: 14f3d2fd28c4fdb42f44e0f751d12861c43cee02
  permission_handler: ccb20a9fad0ee9b1314a52b70b76b473c5f8dab0
  photo_manager: 4f6810b7dfc4feb03b461ac1a70dacf91fba7604
  PromisesObjC: ab77feca74fa2823e7af4249b8326368e61014cb
  razorpay-pod: 3ec6fe82e7d5927013cfbbef81a880188c86b077
  razorpay_flutter: c97e6c4ecbd12f07596bcf1d155aad9c1e63d41f
  ReachabilitySwift: 985039c6f7b23a1da463388634119492ff86c825
  SDWebImage: e5cc87bf736e60f49592f307bdf9e157189298a3
  share_plus: 056a1e8ac890df3e33cb503afffaf1e9b4fbae68
  sqflite: 6d358c025f5b867b29ed92fc697fd34924e11904
  SwiftyGif: 6c3eafd0ce693cad58bb63d2b2fb9bacb8552780
  Toast: 91b396c56ee72a5790816f40d3a94dd357abc196
  uni_links: d97da20c7701486ba192624d99bffaaffcfc298a
  url_launcher_ios: 839c58cdb4279282219f5e248c3321761ff3c4de
  video_compress: fce97e4fb1dfd88175aa07d2ffc8a2f297f87fbe
  video_player_avfoundation: e489aac24ef5cf7af82702979ed16f2a5ef84cff
  video_thumbnail: c4e2a3c539e247d4de13cd545344fd2d26ffafd1
  wakelock: d0fc7c864128eac40eba1617cb5264d9c940b46f

PODFILE CHECKSUM: 1cbcad57c2b3558be5d27de36747839d8ce45f02

COCOAPODS: 1.11.3
